
Microsoft Visual Studio Solution File, Format Version 12.00
# Visual Studio Version 17
VisualStudioVersion = 17.3.32819.101
MinimumVisualStudioVersion = 10.0.40219.1
Project("{FAE04EC0-301F-11D3-BF4B-00C04F79EFBC}") = "PessoaAPi", "PessoaAPi\PessoaAPi.csproj", "{31CDD8AB-453A-4216-941D-3982248E2F41}"
EndProject
Global
	GlobalSection(SolutionConfigurationPlatforms) = preSolution
		Debug|Any CPU = Debug|Any CPU
		Release|Any CPU = Release|Any CPU
	EndGlobalSection
	GlobalSection(ProjectConfigurationPlatforms) = postSolution
		{31CDD8AB-453A-4216-941D-3982248E2F41}.Debug|Any CPU.ActiveCfg = Debug|Any CPU
		{31CDD8AB-453A-4216-941D-3982248E2F41}.Debug|Any CPU.Build.0 = Debug|Any CPU
		{31CDD8AB-453A-4216-941D-3982248E2F41}.Release|Any CPU.ActiveCfg = Release|Any CPU
		{31CDD8AB-453A-4216-941D-3982248E2F41}.Release|Any CPU.Build.0 = Release|Any CPU
	EndGlobalSection
	GlobalSection(SolutionProperties) = preSolution
		HideSolutionNode = FALSE
	EndGlobalSection
	GlobalSection(ExtensibilityGlobals) = postSolution
		SolutionGuid = {C0DF5840-7405-470E-8BC1-63A8584A70FE}
	EndGlobalSection
EndGlobal
